{
    "name": "AdventOfCode",
    "lockfileVersion": 2,
    "requires": true,
    "packages": {
        "": {
            "dependencies": {
                "@studiomoniker/point": "^2.0.0"
            }
        },
        "node_modules/@studiomoniker/point": {
            "version": "2.0.0",
            "resolved": "https://registry.npmjs.org/@studiomoniker/point/-/point-2.0.0.tgz",
            "integrity": "sha512-22kQOfDBGC1RVy9Zi9Cx/OCroX6aAEB6TwZaplrhcekA+pb38uGdn/5LzkyKpvUcG+elg8DLgNLKUHVXNPt75A=="
        }
    },
    "dependencies": {
        "@studiomoniker/point": {
            "version": "2.0.0",
            "resolved": "https://registry.npmjs.org/@studiomoniker/point/-/point-2.0.0.tgz",
            "integrity": "sha512-22kQOfDBGC1RVy9Zi9Cx/OCroX6aAEB6TwZaplrhcekA+pb38uGdn/5LzkyKpvUcG+elg8DLgNLKUHVXNPt75A=="
        }
    }
}
